
Microsoft Visual Studio Solution File, Format Version 12.00
# Visual Studio Version 16
VisualStudioVersion = 16.0.31112.23
MinimumVisualStudioVersion = 10.0.40219.1
Project("{9A19103F-16F7-4668-BE54-9A1E7A4F7556}") = "task_1", "HW_6\task_1.csproj", "{D68F09C1-FFC8-4963-BE76-81025E9730F6}"
EndProject
Project("{9A19103F-16F7-4668-BE54-9A1E7A4F7556}") = "task_2", "task_2\task_2.csproj", "{1C719D87-53B3-4D07-A2E2-580EE6E4134F}"
EndProject
Project("{FAE04EC0-301F-11D3-BF4B-00C04F79EFBC}") = "task_3", "task_3\task_3.csproj", "{6E02639F-7C97-472F-B58C-5AC80A10232A}"
EndProject
Global
	GlobalSection(SolutionConfigurationPlatforms) = preSolution
		Debug|Any CPU = Debug|Any CPU
		Release|Any CPU = Release|Any CPU
	EndGlobalSection
	GlobalSection(ProjectConfigurationPlatforms) = postSolution
		{D68F09C1-FFC8-4963-BE76-81025E9730F6}.Debug|Any CPU.ActiveCfg = Debug|Any CPU
		{D68F09C1-FFC8-4963-BE76-81025E9730F6}.Debug|Any CPU.Build.0 = Debug|Any CPU
		{D68F09C1-FFC8-4963-BE76-81025E9730F6}.Release|Any CPU.ActiveCfg = Release|Any CPU
		{D68F09C1-FFC8-4963-BE76-81025E9730F6}.Release|Any CPU.Build.0 = Release|Any CPU
		{1C719D87-53B3-4D07-A2E2-580EE6E4134F}.Debug|Any CPU.ActiveCfg = Debug|Any CPU
		{1C719D87-53B3-4D07-A2E2-580EE6E4134F}.Debug|Any CPU.Build.0 = Debug|Any CPU
		{1C719D87-53B3-4D07-A2E2-580EE6E4134F}.Release|Any CPU.ActiveCfg = Release|Any CPU
		{1C719D87-53B3-4D07-A2E2-580EE6E4134F}.Release|Any CPU.Build.0 = Release|Any CPU
		{6E02639F-7C97-472F-B58C-5AC80A10232A}.Debug|Any CPU.ActiveCfg = Debug|Any CPU
		{6E02639F-7C97-472F-B58C-5AC80A10232A}.Debug|Any CPU.Build.0 = Debug|Any CPU
		{6E02639F-7C97-472F-B58C-5AC80A10232A}.Release|Any CPU.ActiveCfg = Release|Any CPU
		{6E02639F-7C97-472F-B58C-5AC80A10232A}.Release|Any CPU.Build.0 = Release|Any CPU
	EndGlobalSection
	GlobalSection(SolutionProperties) = preSolution
		HideSolutionNode = FALSE
	EndGlobalSection
	GlobalSection(ExtensibilityGlobals) = postSolution
		SolutionGuid = {9D4DFFDC-B199-42B8-87AC-7014685C7DD7}
	EndGlobalSection
EndGlobal
